// !$*UTF8*$!
{
	archiveVersion = 1;
	classes = {
	};
	objectVersion = 50;
	objects = {

/* Begin PBXBuildFile section */
		A98C3BD125E2BEFB00D3501C /* Polygon.swift in Sources */ = {isa = PBXBuildFile; fileRef = A98C3BD025E2BEFB00D3501C /* Polygon.swift */; };
		A98C3BD225E2BEFB00D3501C /* Polygon.swift in Sources */ = {isa = PBXBuildFile; fileRef = A98C3BD025E2BEFB00D3501C /* Polygon.swift */; };
		A9B7000025E0284E00176027 /* VisualizerApp.swift in Sources */ = {isa = PBXBuildFile; fileRef = A9B7FFEC25E0284B00176027 /* VisualizerApp.swift */; };
		A9B7001D25E0357200176027 /* MoodAnimation.swift in Sources */ = {isa = PBXBuildFile; fileRef = A9B7001C25E0357200176027 /* MoodAnimation.swift */; };
		A9B7001E25E0357200176027 /* MoodAnimation.swift in Sources */ = {isa = PBXBuildFile; fileRef = A9B7001C25E0357200176027 /* MoodAnimation.swift */; };
		A9B7FFFF25E0284E00176027 /* VisualizerApp.swift in Sources */ = {isa = PBXBuildFile; fileRef = A9B7FFEC25E0284B00176027 /* VisualizerApp.swift */; };
		A9D3005325E1A6330086CE70 /* MainButton.swift in Sources */ = {isa = PBXBuildFile; fileRef = A9D3005225E1A6330086CE70 /* MainButton.swift */; };
		A9D3005425E1A6330086CE70 /* MainButton.swift in Sources */ = {isa = PBXBuildFile; fileRef = A9D3005225E1A6330086CE70 /* MainButton.swift */; };
		A9D3006525E1AD530086CE70 /* PolygonShape.swift in Sources */ = {isa = PBXBuildFile; fileRef = A9D3006125E1AD520086CE70 /* PolygonShape.swift */; };
		A9D3006625E1AD530086CE70 /* PolygonShape.swift in Sources */ = {isa = PBXBuildFile; fileRef = A9D3006125E1AD520086CE70 /* PolygonShape.swift */; };
		A9D3006725E1AD530086CE70 /* GradientBackgroundView.swift in Sources */ = {isa = PBXBuildFile; fileRef = A9D3006225E1AD520086CE70 /* GradientBackgroundView.swift */; };
		A9D3006825E1AD530086CE70 /* GradientBackgroundView.swift in Sources */ = {isa = PBXBuildFile; fileRef = A9D3006225E1AD520086CE70 /* GradientBackgroundView.swift */; };
		A9D3006B25E1AD530086CE70 /* TimerView.swift in Sources */ = {isa = PBXBuildFile; fileRef = A9D3006425E1AD520086CE70 /* TimerView.swift */; };
		A9D3006C25E1AD530086CE70 /* TimerView.swift in Sources */ = {isa = PBXBuildFile; fileRef = A9D3006425E1AD520086CE70 /* TimerView.swift */; };
		A9D3009325E26E0E0086CE70 /* Extensions.swift in Sources */ = {isa = PBXBuildFile; fileRef = A9D3009225E26E0E0086CE70 /* Extensions.swift */; };
		A9D3009A25E271DF0086CE70 /* ShareView.swift in Sources */ = {isa = PBXBuildFile; fileRef = A9D3009925E271DF0086CE70 /* ShareView.swift */; };
		A9D300AB25E291670086CE70 /* ImageSaver.swift in Sources */ = {isa = PBXBuildFile; fileRef = A9D300AA25E291670086CE70 /* ImageSaver.swift */; };
		B772FCF825E2FFEA00362E70 /* calm.wav in Resources */ = {isa = PBXBuildFile; fileRef = B772FCF425E2FFEA00362E70 /* calm.wav */; };
		B772FCF925E2FFEA00362E70 /* calm.wav in Resources */ = {isa = PBXBuildFile; fileRef = B772FCF425E2FFEA00362E70 /* calm.wav */; };
		B772FCFA25E2FFEA00362E70 /* chill.mp3 in Resources */ = {isa = PBXBuildFile; fileRef = B772FCF525E2FFEA00362E70 /* chill.mp3 */; };
		B772FCFB25E2FFEA00362E70 /* chill.mp3 in Resources */ = {isa = PBXBuildFile; fileRef = B772FCF525E2FFEA00362E70 /* chill.mp3 */; };
		B772FCFC25E2FFEA00362E70 /* techno.wav in Resources */ = {isa = PBXBuildFile; fileRef = B772FCF625E2FFEA00362E70 /* techno.wav */; };
		B772FCFD25E2FFEA00362E70 /* techno.wav in Resources */ = {isa = PBXBuildFile; fileRef = B772FCF625E2FFEA00362E70 /* techno.wav */; };
		B772FCFE25E2FFEA00362E70 /* heart.wav in Resources */ = {isa = PBXBuildFile; fileRef = B772FCF725E2FFEA00362E70 /* heart.wav */; };
		B772FCFF25E2FFEA00362E70 /* heart.wav in Resources */ = {isa = PBXBuildFile; fileRef = B772FCF725E2FFEA00362E70 /* heart.wav */; };
		C1042D3125E16A2E00EF63A2 /* FeelingView.swift in Sources */ = {isa = PBXBuildFile; fileRef = C1042D3025E16A2E00EF63A2 /* FeelingView.swift */; };
		C1042D3225E16A2E00EF63A2 /* FeelingView.swift in Sources */ = {isa = PBXBuildFile; fileRef = C1042D3025E16A2E00EF63A2 /* FeelingView.swift */; };
		C1042D4225E19E9900EF63A2 /* Feeling.swift in Sources */ = {isa = PBXBuildFile; fileRef = C1042D4125E19E9900EF63A2 /* Feeling.swift */; };
		C1042D4325E19E9900EF63A2 /* Feeling.swift in Sources */ = {isa = PBXBuildFile; fileRef = C1042D4125E19E9900EF63A2 /* Feeling.swift */; };
		C1042D4725E19EE000EF63A2 /* Intend.swift in Sources */ = {isa = PBXBuildFile; fileRef = C1042D4625E19EE000EF63A2 /* Intend.swift */; };
		C1042D4825E19EE000EF63A2 /* Intend.swift in Sources */ = {isa = PBXBuildFile; fileRef = C1042D4625E19EE000EF63A2 /* Intend.swift */; };
		C1042D7525E1B33600EF63A2 /* Strings.swift in Sources */ = {isa = PBXBuildFile; fileRef = C1042D7225E1B33600EF63A2 /* Strings.swift */; };
		C1042D7625E1B33600EF63A2 /* Strings.swift in Sources */ = {isa = PBXBuildFile; fileRef = C1042D7225E1B33600EF63A2 /* Strings.swift */; };
		C1042D7725E1B33600EF63A2 /* Assets.xcassets in Resources */ = {isa = PBXBuildFile; fileRef = C1042D7325E1B33600EF63A2 /* Assets.xcassets */; };
		C1042D7825E1B33600EF63A2 /* Assets.xcassets in Resources */ = {isa = PBXBuildFile; fileRef = C1042D7325E1B33600EF63A2 /* Assets.xcassets */; };
		C1042D7925E1B33600EF63A2 /* music_zapsplat_among_the_stars.mp3 in Resources */ = {isa = PBXBuildFile; fileRef = C1042D7425E1B33600EF63A2 /* music_zapsplat_among_the_stars.mp3 */; };
		C1042D7A25E1B33600EF63A2 /* music_zapsplat_among_the_stars.mp3 in Resources */ = {isa = PBXBuildFile; fileRef = C1042D7425E1B33600EF63A2 /* music_zapsplat_among_the_stars.mp3 */; };
		C1042D8625E1B3DC00EF63A2 /* RootView.swift in Sources */ = {isa = PBXBuildFile; fileRef = C1042D8525E1B3DC00EF63A2 /* RootView.swift */; };
		C1042D8725E1B3DC00EF63A2 /* RootView.swift in Sources */ = {isa = PBXBuildFile; fileRef = C1042D8525E1B3DC00EF63A2 /* RootView.swift */; };
		C1042D8F25E1B3F400EF63A2 /* MeditationView.swift in Sources */ = {isa = PBXBuildFile; fileRef = C1042D8E25E1B3F400EF63A2 /* MeditationView.swift */; };
		C1042D9025E1B3F400EF63A2 /* MeditationView.swift in Sources */ = {isa = PBXBuildFile; fileRef = C1042D8E25E1B3F400EF63A2 /* MeditationView.swift */; };
		C1042D9625E1C02200EF63A2 /* Extesions.swift in Sources */ = {isa = PBXBuildFile; fileRef = C1042D9525E1C02200EF63A2 /* Extesions.swift */; };
		C1B2127725E25625004730E9 /* IntendsView.swift in Sources */ = {isa = PBXBuildFile; fileRef = C1B2127625E25625004730E9 /* IntendsView.swift */; };
		C1B2127825E25625004730E9 /* IntendsView.swift in Sources */ = {isa = PBXBuildFile; fileRef = C1B2127625E25625004730E9 /* IntendsView.swift */; };
		C1B2128825E29844004730E9 /* StatedButton.swift in Sources */ = {isa = PBXBuildFile; fileRef = C1B2128725E29844004730E9 /* StatedButton.swift */; };
		C1B2128925E29844004730E9 /* StatedButton.swift in Sources */ = {isa = PBXBuildFile; fileRef = C1B2128725E29844004730E9 /* StatedButton.swift */; };
/* End PBXBuildFile section */

/* Begin PBXFileReference section */
		A98C3BD025E2BEFB00D3501C /* Polygon.swift */ = {isa = PBXFileReference; lastKnownFileType = sourcecode.swift; path = Polygon.swift; sourceTree = "<group>"; };
		A9B7001C25E0357200176027 /* MoodAnimation.swift */ = {isa = PBXFileReference; lastKnownFileType = sourcecode.swift; path = MoodAnimation.swift; sourceTree = "<group>"; };
		A9B7FFEC25E0284B00176027 /* VisualizerApp.swift */ = {isa = PBXFileReference; lastKnownFileType = sourcecode.swift; path = VisualizerApp.swift; sourceTree = "<group>"; };
		A9B7FFF325E0284E00176027 /* Visualizer.app */ = {isa = PBXFileReference; explicitFileType = wrapper.application; includeInIndex = 0; path = Visualizer.app; sourceTree = BUILT_PRODUCTS_DIR; };
		A9B7FFF625E0284E00176027 /* Info.plist */ = {isa = PBXFileReference; lastKnownFileType = text.plist.xml; path = Info.plist; sourceTree = "<group>"; };
		A9B7FFFB25E0284E00176027 /* Visualizer.app */ = {isa = PBXFileReference; explicitFileType = wrapper.application; includeInIndex = 0; path = Visualizer.app; sourceTree = BUILT_PRODUCTS_DIR; };
		A9B7FFFD25E0284E00176027 /* Info.plist */ = {isa = PBXFileReference; lastKnownFileType = text.plist.xml; path = Info.plist; sourceTree = "<group>"; };
		A9B7FFFE25E0284E00176027 /* macOS.entitlements */ = {isa = PBXFileReference; lastKnownFileType = text.plist.entitlements; path = macOS.entitlements; sourceTree = "<group>"; };
		A9D3005225E1A6330086CE70 /* MainButton.swift */ = {isa = PBXFileReference; lastKnownFileType = sourcecode.swift; path = MainButton.swift; sourceTree = "<group>"; };
		A9D3006125E1AD520086CE70 /* PolygonShape.swift */ = {isa = PBXFileReference; fileEncoding = 4; lastKnownFileType = sourcecode.swift; path = PolygonShape.swift; sourceTree = "<group>"; };
		A9D3006225E1AD520086CE70 /* GradientBackgroundView.swift */ = {isa = PBXFileReference; fileEncoding = 4; lastKnownFileType = sourcecode.swift; path = GradientBackgroundView.swift; sourceTree = "<group>"; };
		A9D3006425E1AD520086CE70 /* TimerView.swift */ = {isa = PBXFileReference; fileEncoding = 4; lastKnownFileType = sourcecode.swift; path = TimerView.swift; sourceTree = "<group>"; };
		A9D3009225E26E0E0086CE70 /* Extensions.swift */ = {isa = PBXFileReference; lastKnownFileType = sourcecode.swift; path = Extensions.swift; sourceTree = "<group>"; };
		A9D3009925E271DF0086CE70 /* ShareView.swift */ = {isa = PBXFileReference; lastKnownFileType = sourcecode.swift; path = ShareView.swift; sourceTree = "<group>"; };
		A9D300AA25E291670086CE70 /* ImageSaver.swift */ = {isa = PBXFileReference; lastKnownFileType = sourcecode.swift; path = ImageSaver.swift; sourceTree = "<group>"; };
		B772FCF425E2FFEA00362E70 /* calm.wav */ = {isa = PBXFileReference; lastKnownFileType = audio.wav; path = calm.wav; sourceTree = "<group>"; };
		B772FCF525E2FFEA00362E70 /* chill.mp3 */ = {isa = PBXFileReference; lastKnownFileType = audio.mp3; path = chill.mp3; sourceTree = "<group>"; };
		B772FCF625E2FFEA00362E70 /* techno.wav */ = {isa = PBXFileReference; lastKnownFileType = audio.wav; path = techno.wav; sourceTree = "<group>"; };
		B772FCF725E2FFEA00362E70 /* heart.wav */ = {isa = PBXFileReference; lastKnownFileType = audio.wav; path = heart.wav; sourceTree = "<group>"; };
		C1042D3025E16A2E00EF63A2 /* FeelingView.swift */ = {isa = PBXFileReference; lastKnownFileType = sourcecode.swift; path = FeelingView.swift; sourceTree = "<group>"; };
		C1042D4125E19E9900EF63A2 /* Feeling.swift */ = {isa = PBXFileReference; lastKnownFileType = sourcecode.swift; path = Feeling.swift; sourceTree = "<group>"; };
		C1042D4625E19EE000EF63A2 /* Intend.swift */ = {isa = PBXFileReference; lastKnownFileType = sourcecode.swift; path = Intend.swift; sourceTree = "<group>"; };
		C1042D7225E1B33600EF63A2 /* Strings.swift */ = {isa = PBXFileReference; fileEncoding = 4; lastKnownFileType = sourcecode.swift; path = Strings.swift; sourceTree = "<group>"; };
		C1042D7325E1B33600EF63A2 /* Assets.xcassets */ = {isa = PBXFileReference; lastKnownFileType = folder.assetcatalog; path = Assets.xcassets; sourceTree = "<group>"; };
		C1042D7425E1B33600EF63A2 /* music_zapsplat_among_the_stars.mp3 */ = {isa = PBXFileReference; lastKnownFileType = audio.mp3; path = music_zapsplat_among_the_stars.mp3; sourceTree = "<group>"; };
		C1042D8525E1B3DC00EF63A2 /* RootView.swift */ = {isa = PBXFileReference; fileEncoding = 4; lastKnownFileType = sourcecode.swift; path = RootView.swift; sourceTree = "<group>"; };
		C1042D8E25E1B3F400EF63A2 /* MeditationView.swift */ = {isa = PBXFileReference; fileEncoding = 4; lastKnownFileType = sourcecode.swift; path = MeditationView.swift; sourceTree = "<group>"; };
		C1042D9525E1C02200EF63A2 /* Extesions.swift */ = {isa = PBXFileReference; lastKnownFileType = sourcecode.swift; path = Extesions.swift; sourceTree = "<group>"; };
		C1B2127625E25625004730E9 /* IntendsView.swift */ = {isa = PBXFileReference; lastKnownFileType = sourcecode.swift; path = IntendsView.swift; sourceTree = "<group>"; };
		C1B2128725E29844004730E9 /* StatedButton.swift */ = {isa = PBXFileReference; lastKnownFileType = sourcecode.swift; path = StatedButton.swift; sourceTree = "<group>"; };
/* End PBXFileReference section */

/* Begin PBXFrameworksBuildPhase section */
		A9B7FFF025E0284E00176027 /* Frameworks */ = {
			isa = PBXFrameworksBuildPhase;
			buildActionMask = 2147483647;
			files = (
			);
			runOnlyForDeploymentPostprocessing = 0;
		};
		A9B7FFF825E0284E00176027 /* Frameworks */ = {
			isa = PBXFrameworksBuildPhase;
			buildActionMask = 2147483647;
			files = (
			);
			runOnlyForDeploymentPostprocessing = 0;
		};
/* End PBXFrameworksBuildPhase section */

/* Begin PBXGroup section */
		A9B7000F25E0302E00176027 /* Models */ = {
			isa = PBXGroup;
			children = (
				C1042D4125E19E9900EF63A2 /* Feeling.swift */,
				C1042D4625E19EE000EF63A2 /* Intend.swift */,
				A9B7001C25E0357200176027 /* MoodAnimation.swift */,
			);
			path = Models;
			sourceTree = "<group>";
		};
		A9B7001025E0303700176027 /* Views */ = {
			isa = PBXGroup;
			children = (
				C1042D8525E1B3DC00EF63A2 /* RootView.swift */,
				C1B2127525E2560F004730E9 /* IntendsView */,
				C1042D2F25E16A1800EF63A2 /* FeelingView */,
				A9D3008D25E257CA0086CE70 /* Summary */,
				C1042D2E25E16A0D00EF63A2 /* MeditationView */,
				C1B2128225E267E1004730E9 /* Buttons */,
			);
			path = Views;
			sourceTree = "<group>";
		};
		A9B7FFE625E0284B00176027 = {
			isa = PBXGroup;
			children = (
				A9B7FFEB25E0284B00176027 /* Shared */,
				A9B7FFF525E0284E00176027 /* iOS */,
				A9B7FFFC25E0284E00176027 /* macOS */,
				A9B7FFF425E0284E00176027 /* Products */,
			);
			sourceTree = "<group>";
		};
		A9B7FFEB25E0284B00176027 /* Shared */ = {
			isa = PBXGroup;
			children = (
				A9B7FFEC25E0284B00176027 /* VisualizerApp.swift */,
				A9B7000F25E0302E00176027 /* Models */,
				A9B7001025E0303700176027 /* Views */,
				A9D300A925E291560086CE70 /* Utility */,
				C1042D7125E1B33600EF63A2 /* Resources */,
				A9D3009625E26E130086CE70 /* Extensions */,
			);
			path = Shared;
			sourceTree = "<group>";
		};
		A9B7FFF425E0284E00176027 /* Products */ = {
			isa = PBXGroup;
			children = (
				A9B7FFF325E0284E00176027 /* Visualizer.app */,
				A9B7FFFB25E0284E00176027 /* Visualizer.app */,
			);
			name = Products;
			sourceTree = "<group>";
		};
		A9B7FFF525E0284E00176027 /* iOS */ = {
			isa = PBXGroup;
			children = (
				A9B7FFF625E0284E00176027 /* Info.plist */,
			);
			path = iOS;
			sourceTree = "<group>";
		};
		A9B7FFFC25E0284E00176027 /* macOS */ = {
			isa = PBXGroup;
			children = (
				A9B7FFFD25E0284E00176027 /* Info.plist */,
				A9B7FFFE25E0284E00176027 /* macOS.entitlements */,
			);
			path = macOS;
			sourceTree = "<group>";
		};
		A9D3008D25E257CA0086CE70 /* Summary */ = {
			isa = PBXGroup;
			children = (
				A9D3009925E271DF0086CE70 /* ShareView.swift */,
			);
			path = Summary;
			sourceTree = "<group>";
		};
		A9D3009625E26E130086CE70 /* Extensions */ = {
			isa = PBXGroup;
			children = (
				A9D3009225E26E0E0086CE70 /* Extensions.swift */,
			);
			path = Extensions;
			sourceTree = "<group>";
		};
		A9D300A925E291560086CE70 /* Utility */ = {
			isa = PBXGroup;
			children = (
				C1042D9525E1C02200EF63A2 /* Extesions.swift */,
				A9D300AA25E291670086CE70 /* ImageSaver.swift */,
			);
			path = Utility;
			sourceTree = "<group>";
		};
		C1042D2E25E16A0D00EF63A2 /* MeditationView */ = {
			isa = PBXGroup;
			children = (
				C1042D8E25E1B3F400EF63A2 /* MeditationView.swift */,
				A9D3006425E1AD520086CE70 /* TimerView.swift */,
				A9D3006125E1AD520086CE70 /* PolygonShape.swift */,
				A9D3006225E1AD520086CE70 /* GradientBackgroundView.swift */,
				A98C3BD025E2BEFB00D3501C /* Polygon.swift */,
			);
			path = MeditationView;
			sourceTree = "<group>";
		};
		C1042D2F25E16A1800EF63A2 /* FeelingView */ = {
			isa = PBXGroup;
			children = (
				C1042D3025E16A2E00EF63A2 /* FeelingView.swift */,
			);
			path = FeelingView;
			sourceTree = "<group>";
		};
		C1042D7125E1B33600EF63A2 /* Resources */ = {
			isa = PBXGroup;
			children = (
				C1042D7225E1B33600EF63A2 /* Strings.swift */,
				B772FCF425E2FFEA00362E70 /* calm.wav */,
				B772FCF525E2FFEA00362E70 /* chill.mp3 */,
				B772FCF725E2FFEA00362E70 /* heart.wav */,
				B772FCF625E2FFEA00362E70 /* techno.wav */,
				C1042D7325E1B33600EF63A2 /* Assets.xcassets */,
				C1042D7425E1B33600EF63A2 /* music_zapsplat_among_the_stars.mp3 */,
			);
			path = Resources;
			sourceTree = "<group>";
		};
		C1B2127525E2560F004730E9 /* IntendsView */ = {
			isa = PBXGroup;
			children = (
				C1B2127625E25625004730E9 /* IntendsView.swift */,
			);
			path = IntendsView;
			sourceTree = "<group>";
		};
		C1B2128225E267E1004730E9 /* Buttons */ = {
			isa = PBXGroup;
			children = (
				A9D3005225E1A6330086CE70 /* MainButton.swift */,
				C1B2128725E29844004730E9 /* StatedButton.swift */,
			);
			path = Buttons;
			sourceTree = "<group>";
		};
/* End PBXGroup section */

/* Begin PBXNativeTarget section */
		A9B7FFF225E0284E00176027 /* Visualizer (iOS) */ = {
			isa = PBXNativeTarget;
			buildConfigurationList = A9B7000725E0284E00176027 /* Build configuration list for PBXNativeTarget "Visualizer (iOS)" */;
			buildPhases = (
				A9B7FFEF25E0284E00176027 /* Sources */,
				A9B7FFF025E0284E00176027 /* Frameworks */,
				A9B7FFF125E0284E00176027 /* Resources */,
			);
			buildRules = (
			);
			dependencies = (
			);
			name = "Visualizer (iOS)";
			productName = "Visualizer (iOS)";
			productReference = A9B7FFF325E0284E00176027 /* Visualizer.app */;
			productType = "com.apple.product-type.application";
		};
		A9B7FFFA25E0284E00176027 /* Visualizer (macOS) */ = {
			isa = PBXNativeTarget;
			buildConfigurationList = A9B7000A25E0284E00176027 /* Build configuration list for PBXNativeTarget "Visualizer (macOS)" */;
			buildPhases = (
				A9B7FFF725E0284E00176027 /* Sources */,
				A9B7FFF825E0284E00176027 /* Frameworks */,
				A9B7FFF925E0284E00176027 /* Resources */,
			);
			buildRules = (
			);
			dependencies = (
			);
			name = "Visualizer (macOS)";
			productName = "Visualizer (macOS)";
			productReference = A9B7FFFB25E0284E00176027 /* Visualizer.app */;
			productType = "com.apple.product-type.application";
		};
/* End PBXNativeTarget section */

/* Begin PBXProject section */
		A9B7FFE725E0284B00176027 /* Project object */ = {
			isa = PBXProject;
			attributes = {
				LastSwiftUpdateCheck = 1240;
				LastUpgradeCheck = 1240;
				TargetAttributes = {
					A9B7FFF225E0284E00176027 = {
						CreatedOnToolsVersion = 12.4;
					};
					A9B7FFFA25E0284E00176027 = {
						CreatedOnToolsVersion = 12.4;
					};
				};
			};
			buildConfigurationList = A9B7FFEA25E0284B00176027 /* Build configuration list for PBXProject "Visualizer" */;
			compatibilityVersion = "Xcode 9.3";
			developmentRegion = en;
			hasScannedForEncodings = 0;
			knownRegions = (
				en,
				Base,
			);
			mainGroup = A9B7FFE625E0284B00176027;
			productRefGroup = A9B7FFF425E0284E00176027 /* Products */;
			projectDirPath = "";
			projectRoot = "";
			targets = (
				A9B7FFF225E0284E00176027 /* Visualizer (iOS) */,
				A9B7FFFA25E0284E00176027 /* Visualizer (macOS) */,
			);
		};
/* End PBXProject section */

/* Begin PBXResourcesBuildPhase section */
		A9B7FFF125E0284E00176027 /* Resources */ = {
			isa = PBXResourcesBuildPhase;
			buildActionMask = 2147483647;
			files = (
				B772FCF825E2FFEA00362E70 /* calm.wav in Resources */,
				B772FCFE25E2FFEA00362E70 /* heart.wav in Resources */,
				C1042D7925E1B33600EF63A2 /* music_zapsplat_among_the_stars.mp3 in Resources */,
				C1042D7725E1B33600EF63A2 /* Assets.xcassets in Resources */,
				B772FCFA25E2FFEA00362E70 /* chill.mp3 in Resources */,
				B772FCFC25E2FFEA00362E70 /* techno.wav in Resources */,
			);
			runOnlyForDeploymentPostprocessing = 0;
		};
		A9B7FFF925E0284E00176027 /* Resources */ = {
			isa = PBXResourcesBuildPhase;
			buildActionMask = 2147483647;
			files = (
				B772FCF925E2FFEA00362E70 /* calm.wav in Resources */,
				B772FCFF25E2FFEA00362E70 /* heart.wav in Resources */,
				C1042D7A25E1B33600EF63A2 /* music_zapsplat_among_the_stars.mp3 in Resources */,
				C1042D7825E1B33600EF63A2 /* Assets.xcassets in Resources */,
				B772FCFB25E2FFEA00362E70 /* chill.mp3 in Resources */,
				B772FCFD25E2FFEA00362E70 /* techno.wav in Resources */,
			);
			runOnlyForDeploymentPostprocessing = 0;
		};
/* End PBXResourcesBuildPhase section */

/* Begin PBXSourcesBuildPhase section */
		A9B7FFEF25E0284E00176027 /* Sources */ = {
			isa = PBXSourcesBuildPhase;
			buildActionMask = 2147483647;
			files = (
				C1042D9625E1C02200EF63A2 /* Extesions.swift in Sources */,
				C1042D4725E19EE000EF63A2 /* Intend.swift in Sources */,
				A9B7001D25E0357200176027 /* MoodAnimation.swift in Sources */,
				A9D300AB25E291670086CE70 /* ImageSaver.swift in Sources */,
				C1042D7525E1B33600EF63A2 /* Strings.swift in Sources */,
				C1042D8625E1B3DC00EF63A2 /* RootView.swift in Sources */,
				A9D3009A25E271DF0086CE70 /* ShareView.swift in Sources */,
				C1042D4225E19E9900EF63A2 /* Feeling.swift in Sources */,
				C1042D3125E16A2E00EF63A2 /* FeelingView.swift in Sources */,
				C1042D8F25E1B3F400EF63A2 /* MeditationView.swift in Sources */,
				C1B2127725E25625004730E9 /* IntendsView.swift in Sources */,
				A9D3006525E1AD530086CE70 /* PolygonShape.swift in Sources */,
				A9B7001D25E0357200176027 /* MoodAnimation.swift in Sources */,
				A9D3009325E26E0E0086CE70 /* Extensions.swift in Sources */,
				A9D3006725E1AD530086CE70 /* GradientBackgroundView.swift in Sources */,
				A9D3006B25E1AD530086CE70 /* TimerView.swift in Sources */,
				A9D3005325E1A6330086CE70 /* MainButton.swift in Sources */,
				C1B2128825E29844004730E9 /* StatedButton.swift in Sources */,
				A9B7FFFF25E0284E00176027 /* VisualizerApp.swift in Sources */,
				A98C3BD125E2BEFB00D3501C /* Polygon.swift in Sources */,
			);
			runOnlyForDeploymentPostprocessing = 0;
		};
		A9B7FFF725E0284E00176027 /* Sources */ = {
			isa = PBXSourcesBuildPhase;
			buildActionMask = 2147483647;
			files = (
				C1042D4825E19EE000EF63A2 /* Intend.swift in Sources */,
				A9B7001E25E0357200176027 /* MoodAnimation.swift in Sources */,
				C1042D7625E1B33600EF63A2 /* Strings.swift in Sources */,
				C1042D8725E1B3DC00EF63A2 /* RootView.swift in Sources */,
				C1042D4325E19E9900EF63A2 /* Feeling.swift in Sources */,
				C1042D3225E16A2E00EF63A2 /* FeelingView.swift in Sources */,
				C1042D9025E1B3F400EF63A2 /* MeditationView.swift in Sources */,
				C1B2127825E25625004730E9 /* IntendsView.swift in Sources */,
				A9D3006625E1AD530086CE70 /* PolygonShape.swift in Sources */,
				A9B7001E25E0357200176027 /* MoodAnimation.swift in Sources */,
				A9D3006825E1AD530086CE70 /* GradientBackgroundView.swift in Sources */,
				A9D3006C25E1AD530086CE70 /* TimerView.swift in Sources */,
				A98C3BD225E2BEFB00D3501C /* Polygon.swift in Sources */,
				A9D3005425E1A6330086CE70 /* MainButton.swift in Sources */,
				C1B2128925E29844004730E9 /* StatedButton.swift in Sources */,
				A9B7000025E0284E00176027 /* VisualizerApp.swift in Sources */,
			);
			runOnlyForDeploymentPostprocessing = 0;
		};
/* End PBXSourcesBuildPhase section */

/* Begin XCBuildConfiguration section */
		A9B7000525E0284E00176027 /* Debug */ = {
			isa = XCBuildConfiguration;
			buildSettings = {
				ALWAYS_SEARCH_USER_PATHS = NO;
				CLANG_ANALYZER_NONNULL = YES;
				CLANG_ANALYZER_NUMBER_OBJECT_CONVERSION = YES_AGGRESSIVE;
				CLANG_CXX_LANGUAGE_STANDARD = "gnu++14";
				CLANG_CXX_LIBRARY = "libc++";
				CLANG_ENABLE_MODULES = YES;
				CLANG_ENABLE_OBJC_ARC = YES;
				CLANG_ENABLE_OBJC_WEAK = YES;
				CLANG_WARN_BLOCK_CAPTURE_AUTORELEASING = YES;
				CLANG_WARN_BOOL_CONVERSION = YES;
				CLANG_WARN_COMMA = YES;
				CLANG_WARN_CONSTANT_CONVERSION = YES;
				CLANG_WARN_DEPRECATED_OBJC_IMPLEMENTATIONS = YES;
				CLANG_WARN_DIRECT_OBJC_ISA_USAGE = YES_ERROR;
				CLANG_WARN_DOCUMENTATION_COMMENTS = YES;
				CLANG_WARN_EMPTY_BODY = YES;
				CLANG_WARN_ENUM_CONVERSION = YES;
				CLANG_WARN_INFINITE_RECURSION = YES;
				CLANG_WARN_INT_CONVERSION = YES;
				CLANG_WARN_NON_LITERAL_NULL_CONVERSION = YES;
				CLANG_WARN_OBJC_IMPLICIT_RETAIN_SELF = YES;
				CLANG_WARN_OBJC_LITERAL_CONVERSION = YES;
				CLANG_WARN_OBJC_ROOT_CLASS = YES_ERROR;
				CLANG_WARN_QUOTED_INCLUDE_IN_FRAMEWORK_HEADER = YES;
				CLANG_WARN_RANGE_LOOP_ANALYSIS = YES;
				CLANG_WARN_STRICT_PROTOTYPES = YES;
				CLANG_WARN_SUSPICIOUS_MOVE = YES;
				CLANG_WARN_UNGUARDED_AVAILABILITY = YES_AGGRESSIVE;
				CLANG_WARN_UNREACHABLE_CODE = YES;
				CLANG_WARN__DUPLICATE_METHOD_MATCH = YES;
				COPY_PHASE_STRIP = NO;
				DEBUG_INFORMATION_FORMAT = dwarf;
				ENABLE_STRICT_OBJC_MSGSEND = YES;
				ENABLE_TESTABILITY = YES;
				GCC_C_LANGUAGE_STANDARD = gnu11;
				GCC_DYNAMIC_NO_PIC = NO;
				GCC_NO_COMMON_BLOCKS = YES;
				GCC_OPTIMIZATION_LEVEL = 0;
				GCC_PREPROCESSOR_DEFINITIONS = (
					"DEBUG=1",
					"$(inherited)",
				);
				GCC_WARN_64_TO_32_BIT_CONVERSION = YES;
				GCC_WARN_ABOUT_RETURN_TYPE = YES_ERROR;
				GCC_WARN_UNDECLARED_SELECTOR = YES;
				GCC_WARN_UNINITIALIZED_AUTOS = YES_AGGRESSIVE;
				GCC_WARN_UNUSED_FUNCTION = YES;
				GCC_WARN_UNUSED_VARIABLE = YES;
				MTL_ENABLE_DEBUG_INFO = INCLUDE_SOURCE;
				MTL_FAST_MATH = YES;
				ONLY_ACTIVE_ARCH = YES;
				SWIFT_ACTIVE_COMPILATION_CONDITIONS = DEBUG;
				SWIFT_OPTIMIZATION_LEVEL = "-Onone";
			};
			name = Debug;
		};
		A9B7000625E0284E00176027 /* Release */ = {
			isa = XCBuildConfiguration;
			buildSettings = {
				ALWAYS_SEARCH_USER_PATHS = NO;
				CLANG_ANALYZER_NONNULL = YES;
				CLANG_ANALYZER_NUMBER_OBJECT_CONVERSION = YES_AGGRESSIVE;
				CLANG_CXX_LANGUAGE_STANDARD = "gnu++14";
				CLANG_CXX_LIBRARY = "libc++";
				CLANG_ENABLE_MODULES = YES;
				CLANG_ENABLE_OBJC_ARC = YES;
				CLANG_ENABLE_OBJC_WEAK = YES;
				CLANG_WARN_BLOCK_CAPTURE_AUTORELEASING = YES;
				CLANG_WARN_BOOL_CONVERSION = YES;
				CLANG_WARN_COMMA = YES;
				CLANG_WARN_CONSTANT_CONVERSION = YES;
				CLANG_WARN_DEPRECATED_OBJC_IMPLEMENTATIONS = YES;
				CLANG_WARN_DIRECT_OBJC_ISA_USAGE = YES_ERROR;
				CLANG_WARN_DOCUMENTATION_COMMENTS = YES;
				CLANG_WARN_EMPTY_BODY = YES;
				CLANG_WARN_ENUM_CONVERSION = YES;
				CLANG_WARN_INFINITE_RECURSION = YES;
				CLANG_WARN_INT_CONVERSION = YES;
				CLANG_WARN_NON_LITERAL_NULL_CONVERSION = YES;
				CLANG_WARN_OBJC_IMPLICIT_RETAIN_SELF = YES;
				CLANG_WARN_OBJC_LITERAL_CONVERSION = YES;
				CLANG_WARN_OBJC_ROOT_CLASS = YES_ERROR;
				CLANG_WARN_QUOTED_INCLUDE_IN_FRAMEWORK_HEADER = YES;
				CLANG_WARN_RANGE_LOOP_ANALYSIS = YES;
				CLANG_WARN_STRICT_PROTOTYPES = YES;
				CLANG_WARN_SUSPICIOUS_MOVE = YES;
				CLANG_WARN_UNGUARDED_AVAILABILITY = YES_AGGRESSIVE;
				CLANG_WARN_UNREACHABLE_CODE = YES;
				CLANG_WARN__DUPLICATE_METHOD_MATCH = YES;
				COPY_PHASE_STRIP = NO;
				DEBUG_INFORMATION_FORMAT = "dwarf-with-dsym";
				ENABLE_NS_ASSERTIONS = NO;
				ENABLE_STRICT_OBJC_MSGSEND = YES;
				GCC_C_LANGUAGE_STANDARD = gnu11;
				GCC_NO_COMMON_BLOCKS = YES;
				GCC_WARN_64_TO_32_BIT_CONVERSION = YES;
				GCC_WARN_ABOUT_RETURN_TYPE = YES_ERROR;
				GCC_WARN_UNDECLARED_SELECTOR = YES;
				GCC_WARN_UNINITIALIZED_AUTOS = YES_AGGRESSIVE;
				GCC_WARN_UNUSED_FUNCTION = YES;
				GCC_WARN_UNUSED_VARIABLE = YES;
				MTL_ENABLE_DEBUG_INFO = NO;
				MTL_FAST_MATH = YES;
				SWIFT_COMPILATION_MODE = wholemodule;
				SWIFT_OPTIMIZATION_LEVEL = "-O";
			};
			name = Release;
		};
		A9B7000825E0284E00176027 /* Debug */ = {
			isa = XCBuildConfiguration;
			buildSettings = {
				ASSETCATALOG_COMPILER_APPICON_NAME = AppIcon;
				ASSETCATALOG_COMPILER_GLOBAL_ACCENT_COLOR_NAME = AccentColor;
				CODE_SIGN_STYLE = Automatic;
				DEVELOPMENT_TEAM = 6R93PQD32F;
				ENABLE_PREVIEWS = YES;
				INFOPLIST_FILE = iOS/Info.plist;
				IPHONEOS_DEPLOYMENT_TARGET = 14.1;
				LD_RUNPATH_SEARCH_PATHS = (
					"$(inherited)",
					"@executable_path/Frameworks",
				);
				PRODUCT_BUNDLE_IDENTIFIER = com.visualizer.Visualizer2;
				PRODUCT_NAME = Visualizer;
				SDKROOT = iphoneos;
				SWIFT_VERSION = 5.0;
				TARGETED_DEVICE_FAMILY = "1,2";
			};
			name = Debug;
		};
		A9B7000925E0284E00176027 /* Release */ = {
			isa = XCBuildConfiguration;
			buildSettings = {
				ASSETCATALOG_COMPILER_APPICON_NAME = AppIcon;
				ASSETCATALOG_COMPILER_GLOBAL_ACCENT_COLOR_NAME = AccentColor;
				CODE_SIGN_STYLE = Automatic;
				DEVELOPMENT_TEAM = 6R93PQD32F;
				ENABLE_PREVIEWS = YES;
				INFOPLIST_FILE = iOS/Info.plist;
				IPHONEOS_DEPLOYMENT_TARGET = 14.1;
				LD_RUNPATH_SEARCH_PATHS = (
					"$(inherited)",
					"@executable_path/Frameworks",
				);
				PRODUCT_BUNDLE_IDENTIFIER = com.visualizer.Visualizer2;
				PRODUCT_NAME = Visualizer;
				SDKROOT = iphoneos;
				SWIFT_VERSION = 5.0;
				TARGETED_DEVICE_FAMILY = "1,2";
				VALIDATE_PRODUCT = YES;
			};
			name = Release;
		};
		A9B7000B25E0284E00176027 /* Debug */ = {
			isa = XCBuildConfiguration;
			buildSettings = {
				ASSETCATALOG_COMPILER_APPICON_NAME = AppIcon;
				ASSETCATALOG_COMPILER_GLOBAL_ACCENT_COLOR_NAME = AccentColor;
				CODE_SIGN_ENTITLEMENTS = macOS/macOS.entitlements;
				CODE_SIGN_STYLE = Automatic;
				COMBINE_HIDPI_IMAGES = YES;
				ENABLE_PREVIEWS = YES;
				INFOPLIST_FILE = macOS/Info.plist;
				LD_RUNPATH_SEARCH_PATHS = (
					"$(inherited)",
					"@executable_path/../Frameworks",
				);
				MACOSX_DEPLOYMENT_TARGET = 11.0;
				PRODUCT_BUNDLE_IDENTIFIER = com.visualizer.Visualizer;
				PRODUCT_NAME = Visualizer;
				SDKROOT = macosx;
				SWIFT_VERSION = 5.0;
			};
			name = Debug;
		};
		A9B7000C25E0284E00176027 /* Release */ = {
			isa = XCBuildConfiguration;
			buildSettings = {
				ASSETCATALOG_COMPILER_APPICON_NAME = AppIcon;
				ASSETCATALOG_COMPILER_GLOBAL_ACCENT_COLOR_NAME = AccentColor;
				CODE_SIGN_ENTITLEMENTS = macOS/macOS.entitlements;
				CODE_SIGN_STYLE = Automatic;
				COMBINE_HIDPI_IMAGES = YES;
				ENABLE_PREVIEWS = YES;
				INFOPLIST_FILE = macOS/Info.plist;
				LD_RUNPATH_SEARCH_PATHS = (
					"$(inherited)",
					"@executable_path/../Frameworks",
				);
				MACOSX_DEPLOYMENT_TARGET = 11.0;
				PRODUCT_BUNDLE_IDENTIFIER = com.visualizer.Visualizer;
				PRODUCT_NAME = Visualizer;
				SDKROOT = macosx;
				SWIFT_VERSION = 5.0;
			};
			name = Release;
		};
/* End XCBuildConfiguration section */

/* Begin XCConfigurationList section */
		A9B7000725E0284E00176027 /* Build configuration list for PBXNativeTarget "Visualizer (iOS)" */ = {
			isa = XCConfigurationList;
			buildConfigurations = (
				A9B7000825E0284E00176027 /* Debug */,
				A9B7000925E0284E00176027 /* Release */,
			);
			defaultConfigurationIsVisible = 0;
			defaultConfigurationName = Release;
		};
		A9B7000A25E0284E00176027 /* Build configuration list for PBXNativeTarget "Visualizer (macOS)" */ = {
			isa = XCConfigurationList;
			buildConfigurations = (
				A9B7000B25E0284E00176027 /* Debug */,
				A9B7000C25E0284E00176027 /* Release */,
			);
			defaultConfigurationIsVisible = 0;
			defaultConfigurationName = Release;
		};
		A9B7FFEA25E0284B00176027 /* Build configuration list for PBXProject "Visualizer" */ = {
			isa = XCConfigurationList;
			buildConfigurations = (
				A9B7000525E0284E00176027 /* Debug */,
				A9B7000625E0284E00176027 /* Release */,
			);
			defaultConfigurationIsVisible = 0;
			defaultConfigurationName = Release;
		};
/* End XCConfigurationList section */
	};
	rootObject = A9B7FFE725E0284B00176027 /* Project object */;
}
